
Microsoft Visual Studio Solution File, Format Version 12.00
# Visual Studio Version 16
VisualStudioVersion = 16.0.29613.14
MinimumVisualStudioVersion = 10.0.40219.1
Project("{FAE04EC0-301F-11D3-BF4B-00C04F79EFBC}") = "BookForm", "BookForm\BookForm.csproj", "{326A327F-8E6B-42CB-8399-0A08DB2C87A5}"
EndProject
Global
	GlobalSection(SolutionConfigurationPlatforms) = preSolution
		Debug|Any CPU = Debug|Any CPU
		Release|Any CPU = Release|Any CPU
	EndGlobalSection
	GlobalSection(ProjectConfigurationPlatforms) = postSolution
		{326A327F-8E6B-42CB-8399-0A08DB2C87A5}.Debug|Any CPU.ActiveCfg = Debug|Any CPU
		{326A327F-8E6B-42CB-8399-0A08DB2C87A5}.Debug|Any CPU.Build.0 = Debug|Any CPU
		{326A327F-8E6B-42CB-8399-0A08DB2C87A5}.Release|Any CPU.ActiveCfg = Release|Any CPU
		{326A327F-8E6B-42CB-8399-0A08DB2C87A5}.Release|Any CPU.Build.0 = Release|Any CPU
	EndGlobalSection
	GlobalSection(SolutionProperties) = preSolution
		HideSolutionNode = FALSE
	EndGlobalSection
	GlobalSection(ExtensibilityGlobals) = postSolution
		SolutionGuid = {E4A292A4-7E52-41A6-A975-5E8756DF0789}
	EndGlobalSection
EndGlobal
